
Microsoft Visual Studio Solution File, Format Version 12.00
# Visual Studio Version 17
VisualStudioVersion = 17.0.31919.166
MinimumVisualStudioVersion = 10.0.40219.1
Project("{FAE04EC0-301F-11D3-BF4B-00C04F79EFBC}") = "ExportExcelTest", "ExportExcelTest\ExportExcelTest.csproj", "{CE278C99-24A5-43D4-BA02-99F58A266D6F}"
EndProject
Global
	GlobalSection(SolutionConfigurationPlatforms) = preSolution
		Debug|Any CPU = Debug|Any CPU
		Release|Any CPU = Release|Any CPU
	EndGlobalSection
	GlobalSection(ProjectConfigurationPlatforms) = postSolution
		{CE278C99-24A5-43D4-BA02-99F58A266D6F}.Debug|Any CPU.ActiveCfg = Debug|Any CPU
		{CE278C99-24A5-43D4-BA02-99F58A266D6F}.Debug|Any CPU.Build.0 = Debug|Any CPU
		{CE278C99-24A5-43D4-BA02-99F58A266D6F}.Release|Any CPU.ActiveCfg = Release|Any CPU
		{CE278C99-24A5-43D4-BA02-99F58A266D6F}.Release|Any CPU.Build.0 = Release|Any CPU
	EndGlobalSection
	GlobalSection(SolutionProperties) = preSolution
		HideSolutionNode = FALSE
	EndGlobalSection
	GlobalSection(ExtensibilityGlobals) = postSolution
		SolutionGuid = {1A1FBC90-DE0A-44A5-828E-F70FA24D3EC2}
	EndGlobalSection
EndGlobal
