
Microsoft Visual Studio Solution File, Format Version 12.00
# Visual Studio Version 17
VisualStudioVersion = 17.0.31919.166
MinimumVisualStudioVersion = 10.0.40219.1
Project("{FAE04EC0-301F-11D3-BF4B-00C04F79EFBC}") = "LuceneSearch", "LuceneSearch\LuceneSearch.csproj", "{8DBC5D8A-11C7-49CC-BC87-A7C30E636700}"
EndProject
Global
	GlobalSection(SolutionConfigurationPlatforms) = preSolution
		Debug|Any CPU = Debug|Any CPU
		Release|Any CPU = Release|Any CPU
	EndGlobalSection
	GlobalSection(ProjectConfigurationPlatforms) = postSolution
		{8DBC5D8A-11C7-49CC-BC87-A7C30E636700}.Debug|Any CPU.ActiveCfg = Debug|Any CPU
		{8DBC5D8A-11C7-49CC-BC87-A7C30E636700}.Debug|Any CPU.Build.0 = Debug|Any CPU
		{8DBC5D8A-11C7-49CC-BC87-A7C30E636700}.Release|Any CPU.ActiveCfg = Release|Any CPU
		{8DBC5D8A-11C7-49CC-BC87-A7C30E636700}.Release|Any CPU.Build.0 = Release|Any CPU
	EndGlobalSection
	GlobalSection(SolutionProperties) = preSolution
		HideSolutionNode = FALSE
	EndGlobalSection
	GlobalSection(ExtensibilityGlobals) = postSolution
		SolutionGuid = {7CD18F6C-2FF8-474F-967B-B1855519768C}
	EndGlobalSection
EndGlobal
