
Microsoft Visual Studio Solution File, Format Version 12.00
# Visual Studio Version 17
VisualStudioVersion = 17.0.31919.166
MinimumVisualStudioVersion = 10.0.40219.1
Project("{FAE04EC0-301F-11D3-BF4B-00C04F79EFBC}") = "XunitDemo", "XunitDemo\XunitDemo.csproj", "{EC480310-EF1F-44F5-A4DD-0B77B976B037}"
EndProject
Project("{FAE04EC0-301F-11D3-BF4B-00C04F79EFBC}") = "xUnitDemo.Test", "xUnitDemo.Test\xUnitDemo.Test.csproj", "{DF1E31D9-EB04-44D3-9A2A-E9C4F1437B8E}"
EndProject
Global
	GlobalSection(SolutionConfigurationPlatforms) = preSolution
		Debug|Any CPU = Debug|Any CPU
		Release|Any CPU = Release|Any CPU
	EndGlobalSection
	GlobalSection(ProjectConfigurationPlatforms) = postSolution
		{EC480310-EF1F-44F5-A4DD-0B77B976B037}.Debug|Any CPU.ActiveCfg = Debug|Any CPU
		{EC480310-EF1F-44F5-A4DD-0B77B976B037}.Debug|Any CPU.Build.0 = Debug|Any CPU
		{EC480310-EF1F-44F5-A4DD-0B77B976B037}.Release|Any CPU.ActiveCfg = Release|Any CPU
		{EC480310-EF1F-44F5-A4DD-0B77B976B037}.Release|Any CPU.Build.0 = Release|Any CPU
		{DF1E31D9-EB04-44D3-9A2A-E9C4F1437B8E}.Debug|Any CPU.ActiveCfg = Debug|Any CPU
		{DF1E31D9-EB04-44D3-9A2A-E9C4F1437B8E}.Debug|Any CPU.Build.0 = Debug|Any CPU
		{DF1E31D9-EB04-44D3-9A2A-E9C4F1437B8E}.Release|Any CPU.ActiveCfg = Release|Any CPU
		{DF1E31D9-EB04-44D3-9A2A-E9C4F1437B8E}.Release|Any CPU.Build.0 = Release|Any CPU
	EndGlobalSection
	GlobalSection(SolutionProperties) = preSolution
		HideSolutionNode = FALSE
	EndGlobalSection
	GlobalSection(ExtensibilityGlobals) = postSolution
		SolutionGuid = {DAA02593-2099-464A-A61F-8E7C860BDE47}
	EndGlobalSection
EndGlobal
