
Microsoft Visual Studio Solution File, Format Version 12.00
# Visual Studio Version 17
VisualStudioVersion = 17.0.31919.166
MinimumVisualStudioVersion = 10.0.40219.1
Project("{FAE04EC0-301F-11D3-BF4B-00C04F79EFBC}") = "SecureRandom", "SecureRandom\SecureRandom.csproj", "{80745371-24FD-4E1A-A9C9-F9180E312CE7}"
EndProject
Global
	GlobalSection(SolutionConfigurationPlatforms) = preSolution
		Debug|Any CPU = Debug|Any CPU
		Release|Any CPU = Release|Any CPU
	EndGlobalSection
	GlobalSection(ProjectConfigurationPlatforms) = postSolution
		{80745371-24FD-4E1A-A9C9-F9180E312CE7}.Debug|Any CPU.ActiveCfg = Debug|Any CPU
		{80745371-24FD-4E1A-A9C9-F9180E312CE7}.Debug|Any CPU.Build.0 = Debug|Any CPU
		{80745371-24FD-4E1A-A9C9-F9180E312CE7}.Release|Any CPU.ActiveCfg = Release|Any CPU
		{80745371-24FD-4E1A-A9C9-F9180E312CE7}.Release|Any CPU.Build.0 = Release|Any CPU
	EndGlobalSection
	GlobalSection(SolutionProperties) = preSolution
		HideSolutionNode = FALSE
	EndGlobalSection
	GlobalSection(ExtensibilityGlobals) = postSolution
		SolutionGuid = {5BAC32C6-D63E-4F5B-AA51-611071E6278A}
	EndGlobalSection
EndGlobal
