
Microsoft Visual Studio Solution File, Format Version 12.00
# Visual Studio Version 17
VisualStudioVersion = 17.0.31919.166
MinimumVisualStudioVersion = 10.0.40219.1
Project("{FAE04EC0-301F-11D3-BF4B-00C04F79EFBC}") = "OneTimeRetry", "OneTimeRetry\OneTimeRetry.csproj", "{4A91A2B3-876A-460C-A14C-9C187B9CB632}"
EndProject
Global
	GlobalSection(SolutionConfigurationPlatforms) = preSolution
		Debug|Any CPU = Debug|Any CPU
		Release|Any CPU = Release|Any CPU
	EndGlobalSection
	GlobalSection(ProjectConfigurationPlatforms) = postSolution
		{4A91A2B3-876A-460C-A14C-9C187B9CB632}.Debug|Any CPU.ActiveCfg = Debug|Any CPU
		{4A91A2B3-876A-460C-A14C-9C187B9CB632}.Debug|Any CPU.Build.0 = Debug|Any CPU
		{4A91A2B3-876A-460C-A14C-9C187B9CB632}.Release|Any CPU.ActiveCfg = Release|Any CPU
		{4A91A2B3-876A-460C-A14C-9C187B9CB632}.Release|Any CPU.Build.0 = Release|Any CPU
	EndGlobalSection
	GlobalSection(SolutionProperties) = preSolution
		HideSolutionNode = FALSE
	EndGlobalSection
	GlobalSection(ExtensibilityGlobals) = postSolution
		SolutionGuid = {4D81238C-8644-4F40-89ED-A43678838F3C}
	EndGlobalSection
EndGlobal
