
Microsoft Visual Studio Solution File, Format Version 12.00
# Visual Studio Version 17
VisualStudioVersion = 17.0.31919.166
MinimumVisualStudioVersion = 10.0.40219.1
Project("{FAE04EC0-301F-11D3-BF4B-00C04F79EFBC}") = "SecureRandomGenerator", "SecureRandomGenerator\SecureRandomGenerator.csproj", "{9B6CC852-86ED-461A-A6FF-7DA158D89828}"
EndProject
Global
	GlobalSection(SolutionConfigurationPlatforms) = preSolution
		Debug|Any CPU = Debug|Any CPU
		Release|Any CPU = Release|Any CPU
	EndGlobalSection
	GlobalSection(ProjectConfigurationPlatforms) = postSolution
		{9B6CC852-86ED-461A-A6FF-7DA158D89828}.Debug|Any CPU.ActiveCfg = Debug|Any CPU
		{9B6CC852-86ED-461A-A6FF-7DA158D89828}.Debug|Any CPU.Build.0 = Debug|Any CPU
		{9B6CC852-86ED-461A-A6FF-7DA158D89828}.Release|Any CPU.ActiveCfg = Release|Any CPU
		{9B6CC852-86ED-461A-A6FF-7DA158D89828}.Release|Any CPU.Build.0 = Release|Any CPU
	EndGlobalSection
	GlobalSection(SolutionProperties) = preSolution
		HideSolutionNode = FALSE
	EndGlobalSection
	GlobalSection(ExtensibilityGlobals) = postSolution
		SolutionGuid = {DBB58504-1436-407D-B112-0884DD58AB78}
	EndGlobalSection
EndGlobal
