
Microsoft Visual Studio Solution File, Format Version 12.00
# Visual Studio Version 17
VisualStudioVersion = 17.0.31919.166
MinimumVisualStudioVersion = 10.0.40219.1
Project("{FAE04EC0-301F-11D3-BF4B-00C04F79EFBC}") = "CaptchaDemo", "CaptchaDemo\CaptchaDemo.csproj", "{D85ACE4A-3B8C-4EA1-9198-F7BBD0F790C1}"
EndProject
Global
	GlobalSection(SolutionConfigurationPlatforms) = preSolution
		Debug|Any CPU = Debug|Any CPU
		Release|Any CPU = Release|Any CPU
	EndGlobalSection
	GlobalSection(ProjectConfigurationPlatforms) = postSolution
		{D85ACE4A-3B8C-4EA1-9198-F7BBD0F790C1}.Debug|Any CPU.ActiveCfg = Debug|Any CPU
		{D85ACE4A-3B8C-4EA1-9198-F7BBD0F790C1}.Debug|Any CPU.Build.0 = Debug|Any CPU
		{D85ACE4A-3B8C-4EA1-9198-F7BBD0F790C1}.Release|Any CPU.ActiveCfg = Release|Any CPU
		{D85ACE4A-3B8C-4EA1-9198-F7BBD0F790C1}.Release|Any CPU.Build.0 = Release|Any CPU
	EndGlobalSection
	GlobalSection(SolutionProperties) = preSolution
		HideSolutionNode = FALSE
	EndGlobalSection
	GlobalSection(ExtensibilityGlobals) = postSolution
		SolutionGuid = {8D3BB612-1C05-42A6-996C-3BF9CE44CE73}
	EndGlobalSection
EndGlobal
