
Microsoft Visual Studio Solution File, Format Version 12.00
# Visual Studio Version 17
VisualStudioVersion = 17.0.31919.166
MinimumVisualStudioVersion = 10.0.40219.1
Project("{FAE04EC0-301F-11D3-BF4B-00C04F79EFBC}") = "LogAppend", "LogAppend\LogAppend.csproj", "{6B609B3D-90DA-46D7-841C-F12473961B2A}"
EndProject
Global
	GlobalSection(SolutionConfigurationPlatforms) = preSolution
		Debug|Any CPU = Debug|Any CPU
		Release|Any CPU = Release|Any CPU
	EndGlobalSection
	GlobalSection(ProjectConfigurationPlatforms) = postSolution
		{6B609B3D-90DA-46D7-841C-F12473961B2A}.Debug|Any CPU.ActiveCfg = Debug|Any CPU
		{6B609B3D-90DA-46D7-841C-F12473961B2A}.Debug|Any CPU.Build.0 = Debug|Any CPU
		{6B609B3D-90DA-46D7-841C-F12473961B2A}.Release|Any CPU.ActiveCfg = Release|Any CPU
		{6B609B3D-90DA-46D7-841C-F12473961B2A}.Release|Any CPU.Build.0 = Release|Any CPU
	EndGlobalSection
	GlobalSection(SolutionProperties) = preSolution
		HideSolutionNode = FALSE
	EndGlobalSection
	GlobalSection(ExtensibilityGlobals) = postSolution
		SolutionGuid = {BCCA4A27-B563-418D-948A-B0CFA11432B6}
	EndGlobalSection
EndGlobal
