
Microsoft Visual Studio Solution File, Format Version 12.00
# Visual Studio Version 17
VisualStudioVersion = 17.0.31919.166
MinimumVisualStudioVersion = 10.0.40219.1
Project("{FAE04EC0-301F-11D3-BF4B-00C04F79EFBC}") = "JsonToExcel", "JsonToExcel\JsonToExcel.csproj", "{6317E501-4ADE-49E3-9678-184A626B989A}"
EndProject
Global
	GlobalSection(SolutionConfigurationPlatforms) = preSolution
		Debug|Any CPU = Debug|Any CPU
		Release|Any CPU = Release|Any CPU
	EndGlobalSection
	GlobalSection(ProjectConfigurationPlatforms) = postSolution
		{6317E501-4ADE-49E3-9678-184A626B989A}.Debug|Any CPU.ActiveCfg = Debug|Any CPU
		{6317E501-4ADE-49E3-9678-184A626B989A}.Debug|Any CPU.Build.0 = Debug|Any CPU
		{6317E501-4ADE-49E3-9678-184A626B989A}.Release|Any CPU.ActiveCfg = Release|Any CPU
		{6317E501-4ADE-49E3-9678-184A626B989A}.Release|Any CPU.Build.0 = Release|Any CPU
	EndGlobalSection
	GlobalSection(SolutionProperties) = preSolution
		HideSolutionNode = FALSE
	EndGlobalSection
	GlobalSection(ExtensibilityGlobals) = postSolution
		SolutionGuid = {B00F6A03-F94C-44AE-A63E-0C5974EAC8A5}
	EndGlobalSection
EndGlobal
